{
  "name": "gatsby-starter-ghost",
  "version": "1.0.0",
  "lockfileVersion": 1,
  "requires": true,
  "dependencies": {
    "disqus-react": {
      "version": "1.0.7",
      "resolved": "https://registry.npmjs.org/disqus-react/-/disqus-react-1.0.7.tgz",
      "integrity": "sha512-7sPHIauS5mUxkZtGtik/ELZ38kOGH3N+YFNt7U4ncczNdAVmWNmAetDE+dHYnrL1Xx+Pgueh1uKpvfUIeu7WuQ=="
    }
  }
}
